
Microsoft Visual Studio Solution File, Format Version 12.00
# Visual Studio Version 17
VisualStudioVersion = 17.11.35327.3
MinimumVisualStudioVersion = 10.0.40219.1
Project("{2150E333-8FDC-42A3-9474-1A3956D46DE8}") = "Client", "Client", "{01E1BD60-8048-4842-9C53-58D0107CC110}"
EndProject
Project("{2150E333-8FDC-42A3-9474-1A3956D46DE8}") = "Server", "Server", "{9D47EA96-E514-400E-849B-6C2AECCE34DE}"
EndProject
Project("{FAE04EC0-301F-11D3-BF4B-00C04F79EFBC}") = "RealTimeChat.Server", "Server\RealTimeChat.Server\RealTimeChat.Server.csproj", "{3D6CC7E9-77AB-488E-B7E9-760C05C95887}"
EndProject
Project("{FAE04EC0-301F-11D3-BF4B-00C04F79EFBC}") = "RealTimeChat.Client", "Client\RealTimeChat.Client\RealTimeChat.Client.csproj", "{578DBCA6-6985-4B78-B0CF-5AEE118E20E5}"
EndProject
Global
	GlobalSection(SolutionConfigurationPlatforms) = preSolution
		Debug|Any CPU = Debug|Any CPU
		Release|Any CPU = Release|Any CPU
	EndGlobalSection
	GlobalSection(ProjectConfigurationPlatforms) = postSolution
		{3D6CC7E9-77AB-488E-B7E9-760C05C95887}.Debug|Any CPU.ActiveCfg = Debug|Any CPU
		{3D6CC7E9-77AB-488E-B7E9-760C05C95887}.Debug|Any CPU.Build.0 = Debug|Any CPU
		{3D6CC7E9-77AB-488E-B7E9-760C05C95887}.Release|Any CPU.ActiveCfg = Release|Any CPU
		{3D6CC7E9-77AB-488E-B7E9-760C05C95887}.Release|Any CPU.Build.0 = Release|Any CPU
		{578DBCA6-6985-4B78-B0CF-5AEE118E20E5}.Debug|Any CPU.ActiveCfg = Debug|Any CPU
		{578DBCA6-6985-4B78-B0CF-5AEE118E20E5}.Debug|Any CPU.Build.0 = Debug|Any CPU
		{578DBCA6-6985-4B78-B0CF-5AEE118E20E5}.Release|Any CPU.ActiveCfg = Release|Any CPU
		{578DBCA6-6985-4B78-B0CF-5AEE118E20E5}.Release|Any CPU.Build.0 = Release|Any CPU
	EndGlobalSection
	GlobalSection(SolutionProperties) = preSolution
		HideSolutionNode = FALSE
	EndGlobalSection
	GlobalSection(NestedProjects) = preSolution
		{3D6CC7E9-77AB-488E-B7E9-760C05C95887} = {9D47EA96-E514-400E-849B-6C2AECCE34DE}
		{578DBCA6-6985-4B78-B0CF-5AEE118E20E5} = {01E1BD60-8048-4842-9C53-58D0107CC110}
	EndGlobalSection
	GlobalSection(ExtensibilityGlobals) = postSolution
		SolutionGuid = {E23A7614-7F27-475E-86C1-A9D5CB466C1A}
	EndGlobalSection
EndGlobal
